
Microsoft Visual Studio Solution File, Format Version 12.00
# Visual Studio Version 16
VisualStudioVersion = 16.0.32428.217
MinimumVisualStudioVersion = 10.0.40219.1
Project("{9A19103F-16F7-4668-BE54-9A1E7A4F7556}") = "BinarySearch", "BinarySearch.csproj", "{C29F7047-67B2-4063-BFAE-9F9E069CBDCC}"
EndProject
Global
	GlobalSection(SolutionConfigurationPlatforms) = preSolution
		Debug|Any CPU = Debug|Any CPU
		Release|Any CPU = Release|Any CPU
	EndGlobalSection
	GlobalSection(ProjectConfigurationPlatforms) = postSolution
		{C29F7047-67B2-4063-BFAE-9F9E069CBDCC}.Debug|Any CPU.ActiveCfg = Debug|Any CPU
		{C29F7047-67B2-4063-BFAE-9F9E069CBDCC}.Debug|Any CPU.Build.0 = Debug|Any CPU
		{C29F7047-67B2-4063-BFAE-9F9E069CBDCC}.Release|Any CPU.ActiveCfg = Release|Any CPU
		{C29F7047-67B2-4063-BFAE-9F9E069CBDCC}.Release|Any CPU.Build.0 = Release|Any CPU
	EndGlobalSection
	GlobalSection(SolutionProperties) = preSolution
		HideSolutionNode = FALSE
	EndGlobalSection
	GlobalSection(ExtensibilityGlobals) = postSolution
		SolutionGuid = {96F91229-DF57-4265-82C6-8B7ABEF3E760}
	EndGlobalSection
EndGlobal
